Microsoft Visual Studio Solution File, Format Version 12.00
# Visual Studio Version 17
VisualStudioVersion = 17.5.2.0
MinimumVisualStudioVersion = 10.0.40219.1
Project("{2150E333-8FDC-42A3-9474-1A3956D46DE8}") = "vs-extension", "vs-extension", "{76915E32-BAF4-869E-E796-E71C0F2B63BA}"
EndProject
Project("{FAE04EC0-301F-11D3-BF4B-00C04F79EFBC}") = "AgentX.VisualStudio", "vs-extension\AgentX.VisualStudio\AgentX.VisualStudio.csproj", "{AF2C45D6-3EEF-2384-1D4A-D700E0FE7867}"
EndProject
Global
	GlobalSection(SolutionConfigurationPlatforms) = preSolution
		Debug|Any CPU = Debug|Any CPU
		Release|Any CPU = Release|Any CPU
	EndGlobalSection
	GlobalSection(ProjectConfigurationPlatforms) = postSolution
		{AF2C45D6-3EEF-2384-1D4A-D700E0FE7867}.Debug|Any CPU.ActiveCfg = Debug|Any CPU
		{AF2C45D6-3EEF-2384-1D4A-D700E0FE7867}.Debug|Any CPU.Build.0 = Debug|Any CPU
		{AF2C45D6-3EEF-2384-1D4A-D700E0FE7867}.Release|Any CPU.ActiveCfg = Release|Any CPU
		{AF2C45D6-3EEF-2384-1D4A-D700E0FE7867}.Release|Any CPU.Build.0 = Release|Any CPU
	EndGlobalSection
	GlobalSection(SolutionProperties) = preSolution
		HideSolutionNode = FALSE
	EndGlobalSection
	GlobalSection(NestedProjects) = preSolution
		{AF2C45D6-3EEF-2384-1D4A-D700E0FE7867} = {76915E32-BAF4-869E-E796-E71C0F2B63BA}
	EndGlobalSection
	GlobalSection(ExtensibilityGlobals) = postSolution
		SolutionGuid = {6145E49F-3461-4928-9678-90DF980DAAC5}
	EndGlobalSection
EndGlobal
