{
  "name": "frontier-collaboration-companion",
  "version": "0.1.0",
  "lockfileVersion": 3,
  "requires": true,
  "packages": {
    "": {
      "name": "frontier-collaboration-companion",
      "version": "0.1.0",
      "dependencies": {
        "@microsoft/agents-hosting": "1.8.1",
        "@octokit/app": "16.1.4",
        "@octokit/webhooks": "14.2.0",
        "express": "5.2.1",
        "express-rate-limit": "8.7.0",
        "proper-lockfile": "4.1.2"
      },
      "engines": {
        "node": ">=22.10.0"
      }
    },
    "node_modules/@azure/abort-controller": {
      "version": "2.2.0",
      "integrity": "sha1-k+DoKwGGLn6jtbaZWHGdPz/SyKw=",
      "license": "MIT",
      "dependencies": {
        "tslib": "^2.6.2"
      },
      "engines": {
        "node": ">=22.0.0"
      }
    },
    "node_modules/@azure/core-auth": {
      "version": "1.10.1",
      "integrity": "sha1-aKF/qGHr0U9v0xQFV5g1Xva+3xs=",
      "license": "MIT",
      "dependencies": {
        "@azure/abort-controller": "^2.1.2",
        "@azure/core-util": "^1.13.0",
        "tslib": "^2.6.2"
      },
      "engines": {
        "node": ">=20.0.0"
      }
    },
    "node_modules/@azure/core-util": {
      "version": "1.14.0",
      "integrity": "sha1-fOn+V5WPEy3UIlc4VuWkXHIyuwQ=",
      "license": "MIT",
      "dependencies": {
        "@azure/abort-controller": "^2.1.2",
        "@typespec/ts-http-runtime": "^0.3.0",
        "tslib": "^2.6.2"
      },
      "engines": {
        "node": ">=22.0.0"
      }
    },
    "node_modules/@azure/msal-common": {
      "version": "16.5.2",
      "integrity": "sha1-4+yfKz4Cg/u7XNavIbH6zXUvbFo=",
      "license": "MIT",
      "engines": {
        "node": ">=0.8.0"
      }
    },
    "node_modules/@azure/msal-node": {
      "version": "5.1.5",
      "integrity": "sha1-lvjFgBhXHOUK3BC83x/BgZCosA4=",
      "license": "MIT",
      "dependencies": {
        "@azure/msal-common": "16.5.2",
        "jsonwebtoken": "^9.0.0"
      },
      "engines": {
        "node": ">=20"
      }
    },
    "node_modules/@microsoft/agents-activity": {
      "version": "1.8.1",
      "integrity": "sha1-WmnWhjfs7sx138eGoD5jVW3h9/s=",
      "license": "MIT",
      "dependencies": {
        "zod": "3.25.75"
      },
      "engines": {
        "node": ">=20.0.0"
      }
    },
    "node_modules/@microsoft/agents-hosting": {
      "version": "1.8.1",
      "integrity": "sha1-FeoKQN0B2f29lbZR3Zu5vAEZyZE=",
      "license": "MIT",
      "dependencies": {
        "@azure/core-auth": "1.10.1",
        "@azure/msal-node": "5.1.5",
        "@microsoft/agents-activity": "1.8.1",
        "@microsoft/agents-telemetry": "1.8.1",
        "jsonwebtoken": "9.0.3",
        "jwks-rsa": "4.0.1",
        "zod": "3.25.75"
      },
      "engines": {
        "node": ">=20.0.0"
      }
    },
    "node_modules/@microsoft/agents-telemetry": {
      "version": "1.8.1",
      "integrity": "sha1-+Nb0/gS3F4q8/Kf26BiZR94UniQ=",
      "license": "MIT",
      "dependencies": {
        "@microsoft/agents-activity": "1.8.1",
        "@noble/hashes": "1.8.0",
        "debug": "4.4.3"
      },
      "engines": {
        "node": ">=20.0.0"
      },
      "peerDependencies": {
        "@opentelemetry/api": "1",
        "@opentelemetry/api-logs": ">=0.214.0 <1"
      },
      "peerDependenciesMeta": {
        "@opentelemetry/api": {
          "optional": true
        },
        "@opentelemetry/api-logs": {
          "optional": true
        }
      }
    },
    "node_modules/@noble/hashes": {
      "version": "1.8.0",
      "integrity": "sha1-zuQ9gB/O+WRLEbgZSFdpWs1fgVo=",
      "license": "MIT",
      "engines": {
        "node": "^14.21.3 || >=16"
      },
      "funding": {
        "url": "https://paulmillr.com/funding/"
      }
    },
    "node_modules/@octokit/app": {
      "version": "16.1.4",
      "integrity": "sha1-JgmYHzLf+1AlFTh6FSaAk552hXA=",
      "license": "MIT",
      "dependencies": {
        "@octokit/auth-app": "^8.3.0",
        "@octokit/auth-unauthenticated": "^7.0.4",
        "@octokit/core": "^7.0.7",
        "@octokit/oauth-app": "^8.0.4",
        "@octokit/plugin-paginate-rest": "^15.0.0",
        "@octokit/types": "^17.0.0",
        "@octokit/webhooks": "^14.0.0"
      },
      "engines": {
        "node": ">= 20"
      }
    },
    "node_modules/@octokit/auth-app": {
      "version": "8.3.1",
      "integrity": "sha1-wLrEFnCRi+VDC2bdRw/0h24H1MY=",
      "license": "MIT",
      "dependencies": {
        "@octokit/auth-oauth-app": "^9.0.5",
        "@octokit/auth-oauth-user": "^6.0.4",
        "@octokit/request": "^10.0.16",
        "@octokit/request-error": "^7.1.2",
        "@octokit/types": "^18.0.0",
        "toad-cache": "^3.7.0",
        "universal-github-app-jwt": "^2.2.0",
        "universal-user-agent": "^7.0.0"
      },
      "engines": {
        "node": ">= 20"
      }
    },
    "node_modules/@octokit/auth-app/node_modules/@octokit/openapi-types": {
      "version": "29.0.1",
      "integrity": "sha1-BYlcyK4ygFjnr3W2CMTJfwvBvAA=",
      "license": "MIT"
    },
    "node_modules/@octokit/auth-app/node_modules/@octokit/types": {
      "version": "18.0.0",
      "integrity": "sha1-dj7uuvtIjY6oqDIur7LZsYhdKEQ=",
      "license": "MIT",
      "dependencies": {
        "@octokit/openapi-types": "^29.0.1"
      }
    },
    "node_modules/@octokit/auth-oauth-app": {
      "version": "9.0.5",
      "integrity": "sha1-Q+Hyn9/eOxO2hoLo0DP1TV+y2Ic=",
      "license": "MIT",
      "dependencies": {
        "@octokit/auth-oauth-device": "^8.0.5",
        "@octokit/auth-oauth-user": "^6.0.4",
        "@octokit/request": "^10.0.16",
        "@octokit/types": "^18.0.0",
        "universal-user-agent": "^7.0.0"
      },
      "engines": {
        "node": ">= 20"
      }
    },
    "node_modules/@octokit/auth-oauth-app/node_modules/@octokit/openapi-types": {
      "version": "29.0.1",
      "integrity": "sha1-BYlcyK4ygFjnr3W2CMTJfwvBvAA=",
      "license": "MIT"
    },
    "node_modules/@octokit/auth-oauth-app/node_modules/@octokit/types": {
      "version": "18.0.0",
      "integrity": "sha1-dj7uuvtIjY6oqDIur7LZsYhdKEQ=",
      "license": "MIT",
      "dependencies": {
        "@octokit/openapi-types": "^29.0.1"
      }
    },
    "node_modules/@octokit/auth-oauth-device": {
      "version": "8.0.5",
      "integrity": "sha1-qA382/S987719Rd+4c1SK02CXH0=",
      "license": "MIT",
      "dependencies": {
        "@octokit/oauth-methods": "^6.0.5",
        "@octokit/request": "^10.0.16",
        "@octokit/types": "^18.0.0",
        "universal-user-agent": "^7.0.0"
      },
      "engines": {
        "node": ">= 20"
      }
    },
    "node_modules/@octokit/auth-oauth-device/node_modules/@octokit/openapi-types": {
      "version": "29.0.1",
      "integrity": "sha1-BYlcyK4ygFjnr3W2CMTJfwvBvAA=",
      "license": "MIT"
    },
    "node_modules/@octokit/auth-oauth-device/node_modules/@octokit/types": {
      "version": "18.0.0",
      "integrity": "sha1-dj7uuvtIjY6oqDIur7LZsYhdKEQ=",
      "license": "MIT",
      "dependencies": {
        "@octokit/openapi-types": "^29.0.1"
      }
    },
    "node_modules/@octokit/auth-oauth-user": {
      "version": "6.0.4",
      "integrity": "sha1-zXH7cpAa48cDyKdsawt81lD4/Ws=",
      "license": "MIT",
      "dependencies": {
        "@octokit/auth-oauth-device": "^8.0.5",
        "@octokit/oauth-methods": "^6.0.5",
        "@octokit/request": "^10.0.16",
        "@octokit/types": "^18.0.0",
        "universal-user-agent": "^7.0.0"
      },
      "engines": {
        "node": ">= 20"
      }
    },
    "node_modules/@octokit/auth-oauth-user/node_modules/@octokit/openapi-types": {
      "version": "29.0.1",
      "integrity": "sha1-BYlcyK4ygFjnr3W2CMTJfwvBvAA=",
      "license": "MIT"
    },
    "node_modules/@octokit/auth-oauth-user/node_modules/@octokit/types": {
      "version": "18.0.0",
      "integrity": "sha1-dj7uuvtIjY6oqDIur7LZsYhdKEQ=",
      "license": "MIT",
      "dependencies": {
        "@octokit/openapi-types": "^29.0.1"
      }
    },
    "node_modules/@octokit/auth-token": {
      "version": "6.0.0",
      "integrity": "sha1-sC6cCKLYk33wmiqYHyJq0hkXTFM=",
      "license": "MIT",
      "engines": {
        "node": ">= 20"
      }
    },
    "node_modules/@octokit/auth-unauthenticated": {
      "version": "7.0.5",
      "integrity": "sha1-KzaYiY4PKDswBcWmIWi7UtMyHA8=",
      "license": "MIT",
      "dependencies": {
        "@octokit/request-error": "^7.1.2",
        "@octokit/types": "^18.0.0"
      },
      "engines": {
        "node": ">= 20"
      }
    },
    "node_modules/@octokit/auth-unauthenticated/node_modules/@octokit/openapi-types": {
      "version": "29.0.1",
      "integrity": "sha1-BYlcyK4ygFjnr3W2CMTJfwvBvAA=",
      "license": "MIT"
    },
    "node_modules/@octokit/auth-unauthenticated/node_modules/@octokit/types": {
      "version": "18.0.0",
      "integrity": "sha1-dj7uuvtIjY6oqDIur7LZsYhdKEQ=",
      "license": "MIT",
      "dependencies": {
        "@octokit/openapi-types": "^29.0.1"
      }
    },
    "node_modules/@octokit/core": {
      "version": "7.0.8",
      "integrity": "sha1-vIwFvDoCANH0U9T+WckFOnRGyfM=",
      "license": "MIT",
      "dependencies": {
        "@octokit/auth-token": "^6.0.0",
        "@octokit/graphql": "^9.0.5",
        "@octokit/request": "^10.0.16",
        "@octokit/request-error": "^7.1.2",
        "@octokit/types": "^18.0.0",
        "before-after-hook": "^4.0.0",
        "universal-user-agent": "^7.0.0"
      },
      "engines": {
        "node": ">= 20"
      }
    },
    "node_modules/@octokit/core/node_modules/@octokit/openapi-types": {
      "version": "29.0.1",
      "integrity": "sha1-BYlcyK4ygFjnr3W2CMTJfwvBvAA=",
      "license": "MIT"
    },
    "node_modules/@octokit/core/node_modules/@octokit/types": {
      "version": "18.0.0",
      "integrity": "sha1-dj7uuvtIjY6oqDIur7LZsYhdKEQ=",
      "license": "MIT",
      "dependencies": {
        "@octokit/openapi-types": "^29.0.1"
      }
    },
    "node_modules/@octokit/endpoint": {
      "version": "11.0.5",
      "integrity": "sha1-1+yIhDv+7qaS/ul7UufCzcA5PbQ=",
      "license": "MIT",
      "dependencies": {
        "@octokit/types": "^18.0.0",
        "universal-user-agent": "^7.0.2"
      },
      "engines": {
        "node": ">= 20"
      }
    },
    "node_modules/@octokit/endpoint/node_modules/@octokit/openapi-types": {
      "version": "29.0.1",
      "integrity": "sha1-BYlcyK4ygFjnr3W2CMTJfwvBvAA=",
      "license": "MIT"
    },
    "node_modules/@octokit/endpoint/node_modules/@octokit/types": {
      "version": "18.0.0",
      "integrity": "sha1-dj7uuvtIjY6oqDIur7LZsYhdKEQ=",
      "license": "MIT",
      "dependencies": {
        "@octokit/openapi-types": "^29.0.1"
      }
    },
    "node_modules/@octokit/graphql": {
      "version": "9.0.5",
      "integrity": "sha1-2gvDWE15+VjlNzte0emEJcpe/cA=",
      "license": "MIT",
      "dependencies": {
        "@octokit/request": "^10.0.16",
        "@octokit/types": "^18.0.0",
        "universal-user-agent": "^7.0.0"
      },
      "engines": {
        "node": ">= 20"
      }
    },
    "node_modules/@octokit/graphql/node_modules/@octokit/openapi-types": {
      "version": "29.0.1",
      "integrity": "sha1-BYlcyK4ygFjnr3W2CMTJfwvBvAA=",
      "license": "MIT"
    },
    "node_modules/@octokit/graphql/node_modules/@octokit/types": {
      "version": "18.0.0",
      "integrity": "sha1-dj7uuvtIjY6oqDIur7LZsYhdKEQ=",
      "license": "MIT",
      "dependencies": {
        "@octokit/openapi-types": "^29.0.1"
      }
    },
    "node_modules/@octokit/oauth-app": {
      "version": "8.0.4",
      "integrity": "sha1-w5fRAA9C3w8gO+lqnZ1abTI5yB0=",
      "license": "MIT",
      "dependencies": {
        "@octokit/auth-oauth-app": "^9.0.4",
        "@octokit/auth-oauth-user": "^6.0.3",
        "@octokit/auth-unauthenticated": "^7.0.4",
        "@octokit/core": "^7.0.7",
        "@octokit/oauth-authorization-url": "^8.0.0",
        "@octokit/oauth-methods": "^6.0.3",
        "@types/aws-lambda": "^8.10.83",
        "universal-user-agent": "^7.0.0"
      },
      "engines": {
        "node": ">= 20"
      }
    },
    "node_modules/@octokit/oauth-authorization-url": {
      "version": "8.0.0",
      "integrity": "sha1-/bqzmgfTj6qthiGl/fBLwMNtY+c=",
      "license": "MIT",
      "engines": {
        "node": ">= 20"
      }
    },
    "node_modules/@octokit/oauth-methods": {
      "version": "6.0.5",
      "integrity": "sha1-/69+Bul1m5LQsAcKoYZ91ltwbX0=",
      "license": "MIT",
      "dependencies": {
        "@octokit/oauth-authorization-url": "^8.0.0",
        "@octokit/request": "^10.0.16",
        "@octokit/request-error": "^7.1.2",
        "@octokit/types": "^18.0.0"
      },
      "engines": {
        "node": ">= 20"
      }
    },
    "node_modules/@octokit/oauth-methods/node_modules/@octokit/openapi-types": {
      "version": "29.0.1",
      "integrity": "sha1-BYlcyK4ygFjnr3W2CMTJfwvBvAA=",
      "license": "MIT"
    },
    "node_modules/@octokit/oauth-methods/node_modules/@octokit/types": {
      "version": "18.0.0",
      "integrity": "sha1-dj7uuvtIjY6oqDIur7LZsYhdKEQ=",
      "license": "MIT",
      "dependencies": {
        "@octokit/openapi-types": "^29.0.1"
      }
    },
    "node_modules/@octokit/openapi-types": {
      "version": "28.0.0",
      "integrity": "sha1-qOR2kcFgL0d2Tn8V0WXW9mc2sAU=",
      "license": "MIT"
    },
    "node_modules/@octokit/openapi-webhooks-types": {
      "version": "12.1.0",
      "integrity": "sha1-bxsoOaDQDJUk6B8W2HNexBC84Yc=",
      "license": "MIT"
    },
    "node_modules/@octokit/plugin-paginate-rest": {
      "version": "15.0.0",
      "integrity": "sha1-F7Da5vM0WYiPeQtAxarwh4A9Y6g=",
      "license": "MIT",
      "dependencies": {
        "@octokit/types": "^17.0.0"
      },
      "engines": {
        "node": ">= 20"
      },
      "peerDependencies": {
        "@octokit/core": ">=6"
      }
    },
    "node_modules/@octokit/request": {
      "version": "10.0.16",
      "integrity": "sha1-tUj4+Ej/5Mz1CCFC+sCW/nuCIrI=",
      "license": "MIT",
      "dependencies": {
        "@octokit/endpoint": "^11.0.5",
        "@octokit/request-error": "^7.1.2",
        "@octokit/types": "^18.0.0",
        "content-type": "^3.0.0",
        "json-with-bigint": "^3.5.12",
        "universal-user-agent": "^7.0.2"
      },
      "engines": {
        "node": ">= 20"
      }
    },
    "node_modules/@octokit/request-error": {
      "version": "7.1.2",
      "integrity": "sha1-BHfz7BA0hpIF+L2AVg8rxVtlmXM=",
      "license": "MIT",
      "dependencies": {
        "@octokit/types": "^18.0.0"
      },
      "engines": {
        "node": ">= 20"
      }
    },
    "node_modules/@octokit/request-error/node_modules/@octokit/openapi-types": {
      "version": "29.0.1",
      "integrity": "sha1-BYlcyK4ygFjnr3W2CMTJfwvBvAA=",
      "license": "MIT"
    },
    "node_modules/@octokit/request-error/node_modules/@octokit/types": {
      "version": "18.0.0",
      "integrity": "sha1-dj7uuvtIjY6oqDIur7LZsYhdKEQ=",
      "license": "MIT",
      "dependencies": {
        "@octokit/openapi-types": "^29.0.1"
      }
    },
    "node_modules/@octokit/request/node_modules/@octokit/openapi-types": {
      "version": "29.0.1",
      "integrity": "sha1-BYlcyK4ygFjnr3W2CMTJfwvBvAA=",
      "license": "MIT"
    },
    "node_modules/@octokit/request/node_modules/@octokit/types": {
      "version": "18.0.0",
      "integrity": "sha1-dj7uuvtIjY6oqDIur7LZsYhdKEQ=",
      "license": "MIT",
      "dependencies": {
        "@octokit/openapi-types": "^29.0.1"
      }
    },
    "node_modules/@octokit/types": {
      "version": "17.0.0",
      "integrity": "sha1-wPpAkLjZV92bZaUR9x+H7hQDdpQ=",
      "license": "MIT",
      "dependencies": {
        "@octokit/openapi-types": "^28.0.0"
      }
    },
    "node_modules/@octokit/webhooks": {
      "version": "14.2.0",
      "integrity": "sha1-215zD7OihB9N7GoTlNmFiedDcdI=",
      "license": "MIT",
      "dependencies": {
        "@octokit/openapi-webhooks-types": "12.1.0",
        "@octokit/request-error": "^7.0.0",
        "@octokit/webhooks-methods": "^6.0.0"
      },
      "engines": {
        "node": ">= 20"
      }
    },
    "node_modules/@octokit/webhooks-methods": {
      "version": "6.0.0",
      "integrity": "sha1-NKv3iuxvgm/lYc/nnS67GVDR0l8=",
      "license": "MIT",
      "engines": {
        "node": ">= 20"
      }
    },
    "node_modules/@types/aws-lambda": {
      "version": "8.10.163",
      "integrity": "sha1-RjnVuVClbDev5i9VJZIfaQF9zYI=",
      "license": "MIT"
    },
    "node_modules/@types/jsonwebtoken": {
      "version": "9.0.10",
      "integrity": "sha1-p5MqRxd9zUKDthRvO9XCbYJkfwk=",
      "license": "MIT",
      "dependencies": {
        "@types/ms": "*",
        "@types/node": "*"
      }
    },
    "node_modules/@types/ms": {
      "version": "2.1.0",
      "integrity": "sha1-BSqmekjszEMJ1/AZG35BQ0uQu3g=",
      "license": "MIT"
    },
    "node_modules/@types/node": {
      "version": "26.4.1",
      "integrity": "sha1-PY3IBRWJSVhEjuJmz11rw+UgW9U=",
      "license": "MIT",
      "dependencies": {
        "undici-types": "~8.3.0"
      }
    },
    "node_modules/@typespec/ts-http-runtime": {
      "version": "0.3.9",
      "integrity": "sha1-MyhVu9cpqzbgd5st/CTtySDRJGE=",
      "license": "MIT",
      "dependencies": {
        "http-proxy-agent": "^7.0.0",
        "https-proxy-agent": "^7.0.0",
        "tslib": "^2.6.2"
      },
      "engines": {
        "node": ">=22.0.0"
      }
    },
    "node_modules/accepts": {
      "version": "2.0.0",
      "integrity": "sha1-u89LpQdUZ/PyEx6rPP/HPC9deJU=",
      "license": "MIT",
      "dependencies": {
        "mime-types": "^3.0.0",
        "negotiator": "^1.0.0"
      },
      "engines": {
        "node": ">= 0.6"
      }
    },
    "node_modules/agent-base": {
      "version": "7.1.4",
      "integrity": "sha1-48121MVI7oldPD/Y3B9sW5Ay56g=",
      "license": "MIT",
      "engines": {
        "node": ">= 14"
      }
    },
    "node_modules/before-after-hook": {
      "version": "4.0.0",
      "integrity": "sha1-zxRHq5Fg32pA82Idpk1v/DYFDLk=",
      "license": "Apache-2.0"
    },
    "node_modules/body-parser": {
      "version": "2.3.0",
      "integrity": "sha1-bYZi9NjDNgKLismqJCUbDKZLpDc=",
      "license": "MIT",
      "dependencies": {
        "bytes": "^3.1.2",
        "content-type": "^2.0.0",
        "debug": "^4.4.3",
        "http-errors": "^2.0.1",
        "iconv-lite": "^0.7.2",
        "on-finished": "^2.4.1",
        "qs": "^6.15.2",
        "raw-body": "^3.0.2",
        "type-is": "^2.1.0"
      },
      "engines": {
        "node": ">=18"
      },
      "funding": {
        "type": "opencollective",
        "url": "https://opencollective.com/express"
      }
    },
    "node_modules/body-parser/node_modules/content-type": {
      "version": "2.1.0",
      "integrity": "sha1-2TicQ8Coz2o1XbRk0h4HCSpASTo=",
      "license": "MIT",
      "engines": {
        "node": ">=18"
      },
      "funding": {
        "type": "opencollective",
        "url": "https://opencollective.com/express"
      }
    },
    "node_modules/buffer-equal-constant-time": {
      "version": "1.0.1",
      "integrity": "sha1-+OcRMvf/5uAaXJaXpMbz5I1cyBk=",
      "license": "BSD-3-Clause"
    },
    "node_modules/bytes": {
      "version": "3.1.2",
      "integrity": "sha1-iwvuuYYFrfGxKPpDhkA8AJ4CIaU=",
      "license": "MIT",
      "engines": {
        "node": ">= 0.8"
      }
    },
    "node_modules/call-bind-apply-helpers": {
      "version": "1.0.2",
      "integrity": "sha1-S1QowiK+mF15w9gmV0edvgtZstY=",
      "license": "MIT",
      "dependencies": {
        "es-errors": "^1.3.0",
        "function-bind": "^1.1.2"
      },
      "engines": {
        "node": ">= 0.4"
      }
    },
    "node_modules/call-bound": {
      "version": "1.0.4",
      "integrity": "sha1-I43pNdKippKSjFOMfM+pEGf9Bio=",
      "license": "MIT",
      "dependencies": {
        "call-bind-apply-helpers": "^1.0.2",
        "get-intrinsic": "^1.3.0"
      },
      "engines": {
        "node": ">= 0.4"
      },
      "funding": {
        "url": "https://github.com/sponsors/ljharb"
      }
    },
    "node_modules/content-disposition": {
      "version": "1.1.0",
      "integrity": "sha1-89t4nHUtRVZMx+nh4LMXkNSjjhc=",
      "license": "MIT",
      "engines": {
        "node": ">=18"
      },
      "funding": {
        "type": "opencollective",
        "url": "https://opencollective.com/express"
      }
    },
    "node_modules/content-type": {
      "version": "3.0.0",
      "integrity": "sha1-yUaYHgmronb19bISI70MAf3tnBU=",
      "license": "MIT",
      "engines": {
        "node": ">=22"
      },
      "funding": {
        "type": "opencollective",
        "url": "https://opencollective.com/express"
      }
    },
    "node_modules/cookie": {
      "version": "0.7.2",
      "integrity": "sha1-VWNpxHKiupEPKXmJG1JrNDYjftc=",
      "license": "MIT",
      "engines": {
        "node": ">= 0.6"
      }
    },
    "node_modules/cookie-signature": {
      "version": "1.2.2",
      "integrity": "sha1-V8f8PMKTrKuf7FTXPhVpDr5KF5M=",
      "license": "MIT",
      "engines": {
        "node": ">=6.6.0"
      }
    },
    "node_modules/debug": {
      "version": "4.4.3",
      "integrity": "sha1-xq5DLZvZZiWC/OCHCbA4xY6ePWo=",
      "license": "MIT",
      "dependencies": {
        "ms": "^2.1.3"
      },
      "engines": {
        "node": ">=6.0"
      },
      "peerDependenciesMeta": {
        "supports-color": {
          "optional": true
        }
      }
    },
    "node_modules/depd": {
      "version": "2.0.0",
      "integrity": "sha1-tpYWPMdXVg0JzyLMj60Vcbeedt8=",
      "license": "MIT",
      "engines": {
        "node": ">= 0.8"
      }
    },
    "node_modules/dunder-proto": {
      "version": "1.0.1",
      "integrity": "sha1-165mfh3INIL4tw/Q9u78UNow9Yo=",
      "license": "MIT",
      "dependencies": {
        "call-bind-apply-helpers": "^1.0.1",
        "es-errors": "^1.3.0",
        "gopd": "^1.2.0"
      },
      "engines": {
        "node": ">= 0.4"
      }
    },
    "node_modules/ecdsa-sig-formatter": {
      "version": "1.0.11",
      "integrity": "sha1-rg8PothQRe8UqBfao86azQSJ5b8=",
      "license": "Apache-2.0",
      "dependencies": {
        "safe-buffer": "^5.0.1"
      }
    },
    "node_modules/ee-first": {
      "version": "1.1.1",
      "integrity": "sha1-WQxhFWsK4vTwJVcyoViyZrxWsh0=",
      "license": "MIT"
    },
    "node_modules/encodeurl": {
      "version": "2.0.0",
      "integrity": "sha1-e46omAd9fkCdOsRUdOo46vCFelg=",
      "license": "MIT",
      "engines": {
        "node": ">= 0.8"
      }
    },
    "node_modules/es-define-property": {
      "version": "1.0.1",
      "integrity": "sha1-mD6y+aZyTpMD9hrd8BHHLgngsPo=",
      "license": "MIT",
      "engines": {
        "node": ">= 0.4"
      }
    },
    "node_modules/es-errors": {
      "version": "1.3.0",
      "integrity": "sha1-BfdaJdq5jk+x3NXhRywFRtUFfI8=",
      "license": "MIT",
      "engines": {
        "node": ">= 0.4"
      }
    },
    "node_modules/es-object-atoms": {
      "version": "1.1.2",
      "integrity": "sha1-otCzcyBXJN+lJdI7DD4bHKWCyZs=",
      "license": "MIT",
      "dependencies": {
        "es-errors": "^1.3.0"
      },
      "engines": {
        "node": ">= 0.4"
      }
    },
    "node_modules/escape-html": {
      "version": "1.0.3",
      "integrity": "sha1-Aljq5NPQwJdN4cFpGI7wBR0dGYg=",
      "license": "MIT"
    },
    "node_modules/etag": {
      "version": "1.8.1",
      "integrity": "sha1-Qa4u62XvpiJorr/qg6x9eSmbCIc=",
      "license": "MIT",
      "engines": {
        "node": ">= 0.6"
      }
    },
    "node_modules/express": {
      "version": "5.2.1",
      "integrity": "sha1-jyHRW20yf5K0eU7PjLCKcvlWrAQ=",
      "license": "MIT",
      "dependencies": {
        "accepts": "^2.0.0",
        "body-parser": "^2.2.1",
        "content-disposition": "^1.0.0",
        "content-type": "^1.0.5",
        "cookie": "^0.7.1",
        "cookie-signature": "^1.2.1",
        "debug": "^4.4.0",
        "depd": "^2.0.0",
        "encodeurl": "^2.0.0",
        "escape-html": "^1.0.3",
        "etag": "^1.8.1",
        "finalhandler": "^2.1.0",
        "fresh": "^2.0.0",
        "http-errors": "^2.0.0",
        "merge-descriptors": "^2.0.0",
        "mime-types": "^3.0.0",
        "on-finished": "^2.4.1",
        "once": "^1.4.0",
        "parseurl": "^1.3.3",
        "proxy-addr": "^2.0.7",
        "qs": "^6.14.0",
        "range-parser": "^1.2.1",
        "router": "^2.2.0",
        "send": "^1.1.0",
        "serve-static": "^2.2.0",
        "statuses": "^2.0.1",
        "type-is": "^2.0.1",
        "vary": "^1.1.2"
      },
      "engines": {
        "node": ">= 18"
      },
      "funding": {
        "type": "opencollective",
        "url": "https://opencollective.com/express"
      }
    },
    "node_modules/express-rate-limit": {
      "version": "8.7.0",
      "integrity": "sha1-h3OaNTXn2zyoe0p3sexcwsCnEeQ=",
      "license": "MIT",
      "dependencies": {
        "debug": "^4.4.3",
        "ip-address": "^10.2.0"
      },
      "engines": {
        "node": ">= 16"
      },
      "funding": {
        "url": "https://github.com/sponsors/express-rate-limit"
      },
      "peerDependencies": {
        "express": ">= 4.11"
      }
    },
    "node_modules/express/node_modules/content-type": {
      "version": "1.0.5",
      "integrity": "sha1-i3cxYmVtHRCGeEyPI6VM5tc9eRg=",
      "license": "MIT",
      "engines": {
        "node": ">= 0.6"
      }
    },
    "node_modules/finalhandler": {
      "version": "2.1.1",
      "integrity": "sha1-osUXplWYUrzbBtH4vX9Rto+tgJk=",
      "license": "MIT",
      "dependencies": {
        "debug": "^4.4.0",
        "encodeurl": "^2.0.0",
        "escape-html": "^1.0.3",
        "on-finished": "^2.4.1",
        "parseurl": "^1.3.3",
        "statuses": "^2.0.1"
      },
      "engines": {
        "node": ">= 18.0.0"
      },
      "funding": {
        "type": "opencollective",
        "url": "https://opencollective.com/express"
      }
    },
    "node_modules/forwarded": {
      "version": "0.2.0",
      "integrity": "sha1-ImmTZCiq1MFcfr6XeahL8LKoGBE=",
      "license": "MIT",
      "engines": {
        "node": ">= 0.6"
      }
    },
    "node_modules/fresh": {
      "version": "2.0.0",
      "integrity": "sha1-jdffahs6Gzpc8YbAWl3SZ2ImNaQ=",
      "license": "MIT",
      "engines": {
        "node": ">= 0.8"
      }
    },
    "node_modules/function-bind": {
      "version": "1.1.2",
      "integrity": "sha1-LALYZNl/PqbIgwxGTL0Rq26rehw=",
      "license": "MIT",
      "funding": {
        "url": "https://github.com/sponsors/ljharb"
      }
    },
    "node_modules/get-intrinsic": {
      "version": "1.3.0",
      "integrity": "sha1-dD8OO2lkqTpUke0b/6rgVNf5jQE=",
      "license": "MIT",
      "dependencies": {
        "call-bind-apply-helpers": "^1.0.2",
        "es-define-property": "^1.0.1",
        "es-errors": "^1.3.0",
        "es-object-atoms": "^1.1.1",
        "function-bind": "^1.1.2",
        "get-proto": "^1.0.1",
        "gopd": "^1.2.0",
        "has-symbols": "^1.1.0",
        "hasown": "^2.0.2",
        "math-intrinsics": "^1.1.0"
      },
      "engines": {
        "node": ">= 0.4"
      },
      "funding": {
        "url": "https://github.com/sponsors/ljharb"
      }
    },
    "node_modules/get-proto": {
      "version": "1.0.1",
      "integrity": "sha1-FQs/J0OGnvPoUewMSdFbHRTQDuE=",
      "license": "MIT",
      "dependencies": {
        "dunder-proto": "^1.0.1",
        "es-object-atoms": "^1.0.0"
      },
      "engines": {
        "node": ">= 0.4"
      }
    },
    "node_modules/gopd": {
      "version": "1.2.0",
      "integrity": "sha1-ifVrghe9vIgCvSmd9tfxCB1+UaE=",
      "license": "MIT",
      "engines": {
        "node": ">= 0.4"
      },
      "funding": {
        "url": "https://github.com/sponsors/ljharb"
      }
    },
    "node_modules/graceful-fs": {
      "version": "4.2.11",
      "integrity": "sha1-QYPk6L8Iu24Fu7L30uDI9xLKQOM=",
      "license": "ISC"
    },
    "node_modules/has-symbols": {
      "version": "1.1.0",
      "integrity": "sha1-/JxqeDoISVHQuXH+EBjegTcHozg=",
      "license": "MIT",
      "engines": {
        "node": ">= 0.4"
      },
      "funding": {
        "url": "https://github.com/sponsors/ljharb"
      }
    },
    "node_modules/hasown": {
      "version": "2.0.4",
      "integrity": "sha1-jGLYy5C+sqrV0KW2dYGtmFTD8AM=",
      "license": "MIT",
      "dependencies": {
        "function-bind": "^1.1.2"
      },
      "engines": {
        "node": ">= 0.4"
      }
    },
    "node_modules/http-errors": {
      "version": "2.0.1",
      "integrity": "sha1-NtL2W8kJyHkAGN02+02T2myq4Gs=",
      "license": "MIT",
      "dependencies": {
        "depd": "~2.0.0",
        "inherits": "~2.0.4",
        "setprototypeof": "~1.2.0",
        "statuses": "~2.0.2",
        "toidentifier": "~1.0.1"
      },
      "engines": {
        "node": ">= 0.8"
      },
      "funding": {
        "type": "opencollective",
        "url": "https://opencollective.com/express"
      }
    },
    "node_modules/http-proxy-agent": {
      "version": "7.0.2",
      "integrity": "sha1-mosfJGhmwChQlIZYX2K48sGMJw4=",
      "license": "MIT",
      "dependencies": {
        "agent-base": "^7.1.0",
        "debug": "^4.3.4"
      },
      "engines": {
        "node": ">= 14"
      }
    },
    "node_modules/https-proxy-agent": {
      "version": "7.0.6",
      "integrity": "sha1-2o3+rH2hMLBcK6S1nJts1mYRprk=",
      "license": "MIT",
      "dependencies": {
        "agent-base": "^7.1.2",
        "debug": "4"
      },
      "engines": {
        "node": ">= 14"
      }
    },
    "node_modules/iconv-lite": {
      "version": "0.7.3",
      "integrity": "sha1-hO4S+WPn3lC8AaE+FgoHizsPQV8=",
      "license": "MIT",
      "dependencies": {
        "safer-buffer": ">= 2.1.2 < 3.0.0"
      },
      "engines": {
        "node": ">=0.10.0"
      },
      "funding": {
        "type": "opencollective",
        "url": "https://opencollective.com/express"
      }
    },
    "node_modules/inherits": {
      "version": "2.0.4",
      "integrity": "sha1-D6LGT5MpF8NDOg3tVTY6rjdBa3w=",
      "license": "ISC"
    },
    "node_modules/ip-address": {
      "version": "10.7.0",
      "integrity": "sha1-lxNCnxZ4ft6PZC9iVbQftRXIJdk=",
      "license": "MIT",
      "engines": {
        "node": ">= 12"
      }
    },
    "node_modules/ipaddr.js": {
      "version": "1.9.1",
      "integrity": "sha1-v/OFQ+64mEglB5/zoqjmy9RngbM=",
      "license": "MIT",
      "engines": {
        "node": ">= 0.10"
      }
    },
    "node_modules/is-promise": {
      "version": "4.0.0",
      "integrity": "sha1-Qv+fhCBsGZHSbev1IN1cAQQt0vM=",
      "license": "MIT"
    },
    "node_modules/jose": {
      "version": "6.2.12",
      "integrity": "sha1-ZWY+FG7dAQuY7Og/gXN9Oqlf0Nc=",
      "license": "MIT",
      "funding": {
        "url": "https://github.com/sponsors/panva"
      }
    },
    "node_modules/json-with-bigint": {
      "version": "3.5.12",
      "integrity": "sha1-n2v3IqmEftcvqbIXsrZhgSJ8RUw=",
      "license": "MIT"
    },
    "node_modules/jsonwebtoken": {
      "version": "9.0.3",
      "integrity": "sha1-bNV6sB6bCsB8uEfVPTybbuMfeuI=",
      "license": "MIT",
      "dependencies": {
        "jws": "^4.0.1",
        "lodash.includes": "^4.3.0",
        "lodash.isboolean": "^3.0.3",
        "lodash.isinteger": "^4.0.4",
        "lodash.isnumber": "^3.0.3",
        "lodash.isplainobject": "^4.0.6",
        "lodash.isstring": "^4.0.1",
        "lodash.once": "^4.0.0",
        "ms": "^2.1.1",
        "semver": "^7.5.4"
      },
      "engines": {
        "node": ">=12",
        "npm": ">=6"
      }
    },
    "node_modules/jwa": {
      "version": "2.0.1",
      "integrity": "sha1-v4F20a0M1y4PP1gzhZWhPhELyAQ=",
      "license": "MIT",
      "dependencies": {
        "buffer-equal-constant-time": "^1.0.1",
        "ecdsa-sig-formatter": "1.0.11",
        "safe-buffer": "^5.0.1"
      }
    },
    "node_modules/jwks-rsa": {
      "version": "4.0.1",
      "integrity": "sha1-v0DQWGmtvNR2SEPVZ1R67/ca0Mg=",
      "license": "MIT",
      "dependencies": {
        "@types/jsonwebtoken": "^9.0.4",
        "debug": "^4.3.4",
        "jose": "^6.1.3",
        "limiter": "^1.1.5",
        "lru-memoizer": "^3.0.0"
      },
      "engines": {
        "node": "^20.19.0 || ^22.12.0 || >= 23.0.0"
      }
    },
    "node_modules/jws": {
      "version": "4.0.1",
      "integrity": "sha1-B+3Bvo+sIOZ3soPs4mFJi9OPBpA=",
      "license": "MIT",
      "dependencies": {
        "jwa": "^2.0.1",
        "safe-buffer": "^5.0.1"
      }
    },
    "node_modules/limiter": {
      "version": "1.1.5",
      "integrity": "sha1-j5KiWzsWxhMSk6DMg0tKg4oqp8I="
    },
    "node_modules/lodash.clonedeep": {
      "version": "4.5.0",
      "integrity": "sha1-4j8/nE+Pvd6HJSnBBxhXoIblzO8=",
      "license": "MIT"
    },
    "node_modules/lodash.includes": {
      "version": "4.3.0",
      "integrity": "sha1-YLuYqHy5I8aMoeUTJUgzFISfVT8=",
      "license": "MIT"
    },
    "node_modules/lodash.isboolean": {
      "version": "3.0.3",
      "integrity": "sha1-bC4XHbKiV82WgC/UOwGyDV9YcPY=",
      "license": "MIT"
    },
    "node_modules/lodash.isinteger": {
      "version": "4.0.4",
      "integrity": "sha1-YZwK89A/iwTDH1iChAt3sRzWg0M=",
      "license": "MIT"
    },
    "node_modules/lodash.isnumber": {
      "version": "3.0.3",
      "integrity": "sha1-POdoEMWSjQM1IwGsKHMX8RwLH/w=",
      "license": "MIT"
    },
    "node_modules/lodash.isplainobject": {
      "version": "4.0.6",
      "integrity": "sha1-fFJqUtibRcRcxpC4gWO+BJf1UMs=",
      "license": "MIT"
    },
    "node_modules/lodash.isstring": {
      "version": "4.0.1",
      "integrity": "sha1-1SfftUVuynzJu5XV2ur4i6VKVFE=",
      "license": "MIT"
    },
    "node_modules/lodash.once": {
      "version": "4.1.1",
      "integrity": "sha1-DdOXEhPHxW34gJd9UEyI+0cal6w=",
      "license": "MIT"
    },
    "node_modules/lru-cache": {
      "version": "11.5.2",
      "integrity": "sha1-AOFmZckMYg+6FKPDaHMql2ST92A=",
      "license": "BlueOak-1.0.0",
      "engines": {
        "node": "20 || >=22"
      }
    },
    "node_modules/lru-memoizer": {
      "version": "3.0.0",
      "integrity": "sha1-t1kH3jOuhNSqMYwwg7mndMfl52c=",
      "license": "MIT",
      "dependencies": {
        "lodash.clonedeep": "^4.5.0",
        "lru-cache": "^11.0.1"
      }
    },
    "node_modules/math-intrinsics": {
      "version": "1.1.0",
      "integrity": "sha1-oN10voHiqlwvJ+Zc4oNgXuTit/k=",
      "license": "MIT",
      "engines": {
        "node": ">= 0.4"
      }
    },
    "node_modules/media-typer": {
      "version": "1.1.1",
      "integrity": "sha1-bwNUAN/jq51WB7x3VGzjDML5xrg=",
      "license": "MIT",
      "engines": {
        "node": ">= 0.8"
      },
      "funding": {
        "type": "opencollective",
        "url": "https://opencollective.com/express"
      }
    },
    "node_modules/merge-descriptors": {
      "version": "2.0.0",
      "integrity": "sha1-6pIvZgY1oiSe5WXgRJ+VHmtgOAg=",
      "license": "MIT",
      "engines": {
        "node": ">=18"
      },
      "funding": {
        "url": "https://github.com/sponsors/sindresorhus"
      }
    },
    "node_modules/mime-db": {
      "version": "1.54.0",
      "integrity": "sha1-zds+5PnGRTDf9kAjZmHULLajFPU=",
      "license": "MIT",
      "engines": {
        "node": ">= 0.6"
      }
    },
    "node_modules/mime-types": {
      "version": "3.0.2",
      "integrity": "sha1-OQAtQYJXXVrwNv+hGBAPJSSy4qs=",
      "license": "MIT",
      "dependencies": {
        "mime-db": "^1.54.0"
      },
      "engines": {
        "node": ">=18"
      },
      "funding": {
        "type": "opencollective",
        "url": "https://opencollective.com/express"
      }
    },
    "node_modules/ms": {
      "version": "2.1.3",
      "integrity": "sha1-V0yBOM4dK1hh8LRFedut1gxmFbI=",
      "license": "MIT"
    },
    "node_modules/negotiator": {
      "version": "1.1.0",
      "integrity": "sha1-FuAD0NtKwk/Z3xaO34cWJd7q498=",
      "license": "MIT",
      "dependencies": {
        "content-type": "^2.1.0"
      },
      "engines": {
        "node": ">=18"
      },
      "funding": {
        "type": "opencollective",
        "url": "https://opencollective.com/express"
      }
    },
    "node_modules/negotiator/node_modules/content-type": {
      "version": "2.1.0",
      "integrity": "sha1-2TicQ8Coz2o1XbRk0h4HCSpASTo=",
      "license": "MIT",
      "engines": {
        "node": ">=18"
      },
      "funding": {
        "type": "opencollective",
        "url": "https://opencollective.com/express"
      }
    },
    "node_modules/object-inspect": {
      "version": "1.13.4",
      "integrity": "sha1-g3UmXiG8IND6WCwi4bE0hdbgAhM=",
      "license": "MIT",
      "engines": {
        "node": ">= 0.4"
      },
      "funding": {
        "url": "https://github.com/sponsors/ljharb"
      }
    },
    "node_modules/on-finished": {
      "version": "2.4.1",
      "integrity": "sha1-WMjEQRblSEWtV/FKsQsDUzGErD8=",
      "license": "MIT",
      "dependencies": {
        "ee-first": "1.1.1"
      },
      "engines": {
        "node": ">= 0.8"
      }
    },
    "node_modules/once": {
      "version": "1.4.0",
      "integrity": "sha1-WDsap3WWHUsROsF9nFC6753Xa9E=",
      "license": "ISC",
      "dependencies": {
        "wrappy": "1"
      }
    },
    "node_modules/parseurl": {
      "version": "1.3.3",
      "integrity": "sha1-naGee+6NEt/wUT7Vt2lXeTvC6NQ=",
      "license": "MIT",
      "engines": {
        "node": ">= 0.8"
      }
    },
    "node_modules/path-to-regexp": {
      "version": "8.4.2",
      "integrity": "sha1-eVxCDE98pFxbiHNm9iLuDJhSzM0=",
      "license": "MIT",
      "funding": {
        "type": "opencollective",
        "url": "https://opencollective.com/express"
      }
    },
    "node_modules/proper-lockfile": {
      "version": "4.1.2",
      "integrity": "sha1-yLneKvay8WAQZ/mOAaxmuqIjFB8=",
      "license": "MIT",
      "dependencies": {
        "graceful-fs": "^4.2.4",
        "retry": "^0.12.0",
        "signal-exit": "^3.0.2"
      }
    },
    "node_modules/proxy-addr": {
      "version": "2.0.7",
      "integrity": "sha1-8Z/mnOqzEe65S0LnDowgcPm6ECU=",
      "license": "MIT",
      "dependencies": {
        "forwarded": "0.2.0",
        "ipaddr.js": "1.9.1"
      },
      "engines": {
        "node": ">= 0.10"
      }
    },
    "node_modules/qs": {
      "version": "6.16.0",
      "integrity": "sha1-wixyOiipIPOqzc6Cifq9Q+zLef0=",
      "license": "BSD-3-Clause",
      "dependencies": {
        "es-define-property": "^1.0.1",
        "side-channel": "^1.1.1"
      },
      "engines": {
        "node": ">=0.6"
      },
      "funding": {
        "url": "https://github.com/sponsors/ljharb"
      }
    },
    "node_modules/range-parser": {
      "version": "1.3.0",
      "integrity": "sha1-1/Gb6BK7YnIUcrRdO+IZ7wlXK0c=",
      "license": "MIT",
      "engines": {
        "node": ">= 0.6"
      },
      "funding": {
        "type": "opencollective",
        "url": "https://opencollective.com/express"
      }
    },
    "node_modules/raw-body": {
      "version": "3.0.2",
      "integrity": "sha1-PjraWuVWj5CV2EN2/TpJuPsAClE=",
      "license": "MIT",
      "dependencies": {
        "bytes": "~3.1.2",
        "http-errors": "~2.0.1",
        "iconv-lite": "~0.7.0",
        "unpipe": "~1.0.0"
      },
      "engines": {
        "node": ">= 0.10"
      }
    },
    "node_modules/retry": {
      "version": "0.12.0",
      "integrity": "sha1-G0KmJmoh8HQh0bC1S33BZ7AcATs=",
      "license": "MIT",
      "engines": {
        "node": ">= 4"
      }
    },
    "node_modules/router": {
      "version": "2.2.0",
      "integrity": "sha1-AZvmILcRyHZBFnzHm5kJDwCxRu8=",
      "license": "MIT",
      "dependencies": {
        "debug": "^4.4.0",
        "depd": "^2.0.0",
        "is-promise": "^4.0.0",
        "parseurl": "^1.3.3",
        "path-to-regexp": "^8.0.0"
      },
      "engines": {
        "node": ">= 18"
      }
    },
    "node_modules/safe-buffer": {
      "version": "5.2.1",
      "integrity": "sha1-Hq+fqb2x/dTsdfWPnNtOa3gn7sY=",
      "funding": [
        {
          "type": "github",
          "url": "https://github.com/sponsors/feross"
        },
        {
          "type": "patreon",
          "url": "https://www.patreon.com/feross"
        },
        {
          "type": "consulting",
          "url": "https://feross.org/support"
        }
      ],
      "license": "MIT"
    },
    "node_modules/safer-buffer": {
      "version": "2.1.2",
      "integrity": "sha1-RPoWGwGHuVSd2Eu5GAL5vYOFzWo=",
      "license": "MIT"
    },
    "node_modules/semver": {
      "version": "7.8.5",
      "integrity": "sha1-ObZGA33VDBT7RR5+TKxY7YuGP2k=",
      "license": "ISC",
      "bin": {
        "semver": "bin/semver.js"
      },
      "engines": {
        "node": ">=10"
      }
    },
    "node_modules/send": {
      "version": "1.2.1",
      "integrity": "sha1-nqt0O4dPNVD0CiaGe/KGrWDT8+0=",
      "license": "MIT",
      "dependencies": {
        "debug": "^4.4.3",
        "encodeurl": "^2.0.0",
        "escape-html": "^1.0.3",
        "etag": "^1.8.1",
        "fresh": "^2.0.0",
        "http-errors": "^2.0.1",
        "mime-types": "^3.0.2",
        "ms": "^2.1.3",
        "on-finished": "^2.4.1",
        "range-parser": "^1.2.1",
        "statuses": "^2.0.2"
      },
      "engines": {
        "node": ">= 18"
      },
      "funding": {
        "type": "opencollective",
        "url": "https://opencollective.com/express"
      }
    },
    "node_modules/serve-static": {
      "version": "2.2.1",
      "integrity": "sha1-fxhqSk5fW2Y616QpT/G/N88OmKk=",
      "license": "MIT",
      "dependencies": {
        "encodeurl": "^2.0.0",
        "escape-html": "^1.0.3",
        "parseurl": "^1.3.3",
        "send": "^1.2.0"
      },
      "engines": {
        "node": ">= 18"
      },
      "funding": {
        "type": "opencollective",
        "url": "https://opencollective.com/express"
      }
    },
    "node_modules/setprototypeof": {
      "version": "1.2.0",
      "integrity": "sha1-ZsmiSnP5/CjL5msJ/tPTPcrxtCQ=",
      "license": "ISC"
    },
    "node_modules/side-channel": {
      "version": "1.1.1",
      "integrity": "sha1-6gLGLgXcS+pn1EQvD7ce4ZL44Ks=",
      "license": "MIT",
      "dependencies": {
        "es-errors": "^1.3.0",
        "object-inspect": "^1.13.4",
        "side-channel-list": "^1.0.1",
        "side-channel-map": "^1.0.1",
        "side-channel-weakmap": "^1.0.2"
      },
      "engines": {
        "node": ">= 0.4"
      },
      "funding": {
        "url": "https://github.com/sponsors/ljharb"
      }
    },
    "node_modules/side-channel-list": {
      "version": "1.0.1",
      "integrity": "sha1-wuC1oUpUCuvuO7xsP4ZmzJtQkSc=",
      "license": "MIT",
      "dependencies": {
        "es-errors": "^1.3.0",
        "object-inspect": "^1.13.4"
      },
      "engines": {
        "node": ">= 0.4"
      },
      "funding": {
        "url": "https://github.com/sponsors/ljharb"
      }
    },
    "node_modules/side-channel-map": {
      "version": "1.0.1",
      "integrity": "sha1-1rtrN5Asb+9RdOX1M/q0xzKib0I=",
      "license": "MIT",
      "dependencies": {
        "call-bound": "^1.0.2",
        "es-errors": "^1.3.0",
        "get-intrinsic": "^1.2.5",
        "object-inspect": "^1.13.3"
      },
      "engines": {
        "node": ">= 0.4"
      },
      "funding": {
        "url": "https://github.com/sponsors/ljharb"
      }
    },
    "node_modules/side-channel-weakmap": {
      "version": "1.0.2",
      "integrity": "sha1-Ed2hnVNo5Azp7CvcH7DsvAeQ7Oo=",
      "license": "MIT",
      "dependencies": {
        "call-bound": "^1.0.2",
        "es-errors": "^1.3.0",
        "get-intrinsic": "^1.2.5",
        "object-inspect": "^1.13.3",
        "side-channel-map": "^1.0.1"
      },
      "engines": {
        "node": ">= 0.4"
      },
      "funding": {
        "url": "https://github.com/sponsors/ljharb"
      }
    },
    "node_modules/signal-exit": {
      "version": "3.0.7",
      "integrity": "sha1-qaF2f4r4QVURTqq9c/mSc8j1mtk=",
      "license": "ISC"
    },
    "node_modules/statuses": {
      "version": "2.0.2",
      "integrity": "sha1-j3XuzvdlteHPzcCA2llAntQk44I=",
      "license": "MIT",
      "engines": {
        "node": ">= 0.8"
      }
    },
    "node_modules/toad-cache": {
      "version": "3.7.4",
      "integrity": "sha1-IR5yYFu3hi38aOHA350P49wt7Ac=",
      "license": "MIT",
      "engines": {
        "node": ">=20"
      }
    },
    "node_modules/toidentifier": {
      "version": "1.0.1",
      "integrity": "sha1-O+NDIaiKgg7RvYDfqjPkefu43TU=",
      "license": "MIT",
      "engines": {
        "node": ">=0.6"
      }
    },
    "node_modules/tslib": {
      "version": "2.8.1",
      "integrity": "sha1-YS7+TtI11Wfoq6Xypfq3AoCt6D8=",
      "license": "0BSD"
    },
    "node_modules/type-is": {
      "version": "2.1.0",
      "integrity": "sha1-cdGnBTKTWC4WrJ8+uvGrmqSeVXA=",
      "license": "MIT",
      "dependencies": {
        "content-type": "^2.0.0",
        "media-typer": "^1.1.0",
        "mime-types": "^3.0.0"
      },
      "engines": {
        "node": ">= 18"
      },
      "funding": {
        "type": "opencollective",
        "url": "https://opencollective.com/express"
      }
    },
    "node_modules/type-is/node_modules/content-type": {
      "version": "2.1.0",
      "integrity": "sha1-2TicQ8Coz2o1XbRk0h4HCSpASTo=",
      "license": "MIT",
      "engines": {
        "node": ">=18"
      },
      "funding": {
        "type": "opencollective",
        "url": "https://opencollective.com/express"
      }
    },
    "node_modules/undici-types": {
      "version": "8.3.0",
      "integrity": "sha1-ROn8nzJEZIzeo15Pm7LWgelBCAk=",
      "license": "MIT"
    },
    "node_modules/universal-github-app-jwt": {
      "version": "2.2.2",
      "integrity": "sha1-OFN+Wn0VQIWjX5dgGl4w6eF3F98=",
      "license": "MIT"
    },
    "node_modules/universal-user-agent": {
      "version": "7.0.3",
      "integrity": "sha1-wFhwpYElotwAQx8t+BWnf+aXNr4=",
      "license": "ISC"
    },
    "node_modules/unpipe": {
      "version": "1.0.0",
      "integrity": "sha1-sr9O6FFKrmFltIF4KdIbLvSZBOw=",
      "license": "MIT",
      "engines": {
        "node": ">= 0.8"
      }
    },
    "node_modules/vary": {
      "version": "1.1.2",
      "integrity": "sha1-IpnwLG3tMNSllhsLn3RSShj2NPw=",
      "license": "MIT",
      "engines": {
        "node": ">= 0.8"
      }
    },
    "node_modules/wrappy": {
      "version": "1.0.2",
      "integrity": "sha1-tSQ9jz7BqjXxNkYFvA0QNuMKtp8=",
      "license": "ISC"
    },
    "node_modules/zod": {
      "version": "3.25.75",
      "integrity": "sha1-j/m+L7vLOBqSNvn3Soh5yincxQQ=",
      "license": "MIT",
      "funding": {
        "url": "https://github.com/sponsors/colinhacks"
      }
    }
  }
}
